{
    "_readme": [
        "This file locks the dependencies of your project to a known state",
        "Read more about it at https://getcomposer.org/doc/01-basic-usage.md#installing-dependencies",
        "This file is @generated automatically"
    ],
    "content-hash": "d79b0f0ee77b1a2d27fe01c150fdb043",
    "packages": [
        {
            "name": "laravel/framework",
            "version": "v10.48.22",
            "source": {
                "type": "git",
                "url": "https://github.com/laravel/framework.git",
                "reference": "33b96902c3ac526e8ac0a37075d9c79b0e7e78bb"
            },
            "dist": {
                "type": "zip",
                "url": "https://api.github.com/repos/laravel/framework/zipball/33b96902c3ac526e8ac0a37075d9c79b0e7e78bb",
                "reference": "33b96902c3ac526e8ac0a37075d9c79b0e7e78bb",
                "shasum": ""
            },
            "require": {
                "php": "^8.1",
                "ext-ctype": "*",
                "ext-filter": "*",
                "ext-hash": "*",
                "ext-mbstring": "*",
                "ext-openssl": "*",
                "ext-pcre": "*",
                "ext-session": "*",
                "ext-tokenizer": "*"
            },
            "type": "library",
            "autoload": {
                "psr-4": {
                    "Illuminate\\": "src/Illuminate/",
                    "Illuminate\\Support\\": [
                        "src/Illuminate/Macroable/",
                        "src/Illuminate/Collections/",
                        "src/Illuminate/Conditionable/"
                    ]
                }
            },
            "notification-url": "https://packagist.org/downloads/",
            "license": [
                "MIT"
            ],
            "authors": [
                {
                    "name": "Taylor Otwell",
                    "email": "taylor@laravel.com"
                }
            ],
            "description": "The Laravel Framework.",
            "homepage": "https://laravel.com",
            "keywords": [
                "framework",
                "laravel"
            ],
            "support": {
                "issues": "https://github.com/laravel/framework/issues",
                "source": "https://github.com/laravel/framework"
            },
            "time": "2024-06-28T20:10:30+00:00"
        },
        {
            "name": "laravel/sanctum",
            "version": "v3.3.3",
            "source": {
                "type": "git",
                "url": "https://github.com/laravel/sanctum.git",
                "reference": "8c104366459739f3ada0ee8afa9a90bae72012c1"
            },
            "dist": {
                "type": "zip",
                "url": "https://api.github.com/repos/laravel/sanctum/zipball/8c104366459739f3ada0ee8afa9a90bae72012c1",
                "reference": "8c104366459739f3ada0ee8afa9a90bae72012c1",
                "shasum": ""
            },
            "require": {
                "ext-json": "*",
                "illuminate/console": "^9.21|^10.0|^11.0",
                "illuminate/contracts": "^9.21|^10.0|^11.0",
                "illuminate/database": "^9.21|^10.0|^11.0",
                "illuminate/http": "^9.21|^10.0|^11.0",
                "illuminate/support": "^9.21|^10.0|^11.0",
                "php": "^8.0.2"
            },
            "type": "library",
            "license": [
                "MIT"
            ],
            "description": "Laravel Sanctum provides a featherweight authentication system for SPAs and simple APIs.",
            "time": "2024-01-22T20:35:02+00:00"
        },
        {
            "name": "laravel/tinker",
            "version": "v2.9.0",
            "source": {
                "type": "git",
                "url": "https://github.com/laravel/tinker.git",
                "reference": "502e0fe3f0415d06d5db1f83a472f0f3b754bafe"
            },
            "dist": {
                "type": "zip",
                "url": "https://api.github.com/repos/laravel/tinker/zipball/502e0fe3f0415d06d5db1f83a472f0f3b754bafe",
                "reference": "502e0fe3f0415d06d5db1f83a472f0f3b754bafe",
                "shasum": ""
            },
            "require": {
                "illuminate/console": "^6.0|^7.0|^8.0|^9.0|^10.0|^11.0",
                "illuminate/contracts": "^6.0|^7.0|^8.0|^9.0|^10.0|^11.0",
                "illuminate/support": "^6.0|^7.0|^8.0|^9.0|^10.0|^11.0",
                "php": "^7.2.5|^8.0",
                "symfony/var-dumper": "^4.3.4|^5.0|^6.0|^7.0"
            },
            "type": "library",
            "license": [
                "MIT"
            ],
            "description": "Powerful REPL for the Laravel framework.",
            "time": "2024-01-04T16:10:04+00:00"
        }
    ],
    "packages-dev": [],
    "aliases": [],
    "minimum-stability": "stable",
    "stability-flags": [],
    "prefer-stable": true,
    "prefer-lowest": false,
    "platform": {
        "php": "^8.1"
    },
    "platform-dev": [],
    "plugin-api-version": "2.6.0"
}
