{
    "_readme": [
        "This file locks the dependencies of your project to a known state",
        "Read more about it at https://getcomposer.org/doc/01-basic-usage.md#installing-dependencies",
        "This file is @generated automatically"
    ],
    "content-hash": "a89f2c4b0e8e72a3f5d9b1e4c7a8b3d2",
    "packages": [
        {
            "name": "laravel/framework",
            "version": "v11.31.0",
            "source": {
                "type": "git",
                "url": "https://github.com/laravel/framework.git",
                "reference": "a3c3d3b8c9e8f7a6b5d4c3b2a1f0e9d8c7b6a5d4"
            },
            "dist": {
                "type": "zip",
                "url": "https://api.github.com/repos/laravel/framework/zipball/a3c3d3b8c9e8f7a6b5d4c3b2a1f0e9d8c7b6a5d4",
                "reference": "a3c3d3b8c9e8f7a6b5d4c3b2a1f0e9d8c7b6a5d4",
                "shasum": ""
            },
            "require": {
                "php": "^8.2",
                "ext-ctype": "*",
                "ext-filter": "*",
                "ext-hash": "*",
                "ext-mbstring": "*",
                "ext-openssl": "*",
                "ext-pcre": "*",
                "ext-session": "*",
                "ext-tokenizer": "*"
            },
            "type": "library",
            "autoload": {
                "psr-4": {
                    "Illuminate\\": "src/Illuminate/",
                    "Illuminate\\Support\\": [
                        "src/Illuminate/Macroable/",
                        "src/Illuminate/Collections/",
                        "src/Illuminate/Conditionable/"
                    ]
                }
            },
            "notification-url": "https://packagist.org/downloads/",
            "license": [
                "MIT"
            ],
            "authors": [
                {
                    "name": "Taylor Otwell",
                    "email": "taylor@laravel.com"
                }
            ],
            "description": "The Laravel Framework.",
            "homepage": "https://laravel.com",
            "keywords": [
                "framework",
                "laravel"
            ],
            "support": {
                "issues": "https://github.com/laravel/framework/issues",
                "source": "https://github.com/laravel/framework"
            },
            "time": "2024-07-02T14:22:15+00:00"
        },
        {
            "name": "laravel/sanctum",
            "version": "v4.0.2",
            "source": {
                "type": "git",
                "url": "https://github.com/laravel/sanctum.git",
                "reference": "7de11f2fb061d58b8e5cb328e70d60f9d61ac9a9"
            },
            "dist": {
                "type": "zip",
                "url": "https://api.github.com/repos/laravel/sanctum/zipball/7de11f2fb061d58b8e5cb328e70d60f9d61ac9a9",
                "reference": "7de11f2fb061d58b8e5cb328e70d60f9d61ac9a9",
                "shasum": ""
            },
            "require": {
                "ext-json": "*",
                "illuminate/console": "^11.0",
                "illuminate/contracts": "^11.0",
                "illuminate/database": "^11.0",
                "illuminate/http": "^11.0",
                "illuminate/support": "^11.0",
                "php": "^8.2"
            },
            "type": "library",
            "license": [
                "MIT"
            ],
            "description": "Laravel Sanctum provides a featherweight authentication system for SPAs and simple APIs.",
            "time": "2024-06-07T13:53:12+00:00"
        },
        {
            "name": "laravel/tinker",
            "version": "v2.10.0",
            "source": {
                "type": "git",
                "url": "https://github.com/laravel/tinker.git",
                "reference": "ba4d51eb56de7711b3a37d63aa0643e99a339ae5"
            },
            "dist": {
                "type": "zip",
                "url": "https://api.github.com/repos/laravel/tinker/zipball/ba4d51eb56de7711b3a37d63aa0643e99a339ae5",
                "reference": "ba4d51eb56de7711b3a37d63aa0643e99a339ae5",
                "shasum": ""
            },
            "require": {
                "illuminate/console": "^6.0|^7.0|^8.0|^9.0|^10.0|^11.0",
                "illuminate/contracts": "^6.0|^7.0|^8.0|^9.0|^10.0|^11.0",
                "illuminate/support": "^6.0|^7.0|^8.0|^9.0|^10.0|^11.0",
                "php": "^7.2.5|^8.0",
                "symfony/var-dumper": "^4.3.4|^5.0|^6.0|^7.0"
            },
            "type": "library",
            "license": [
                "MIT"
            ],
            "description": "Powerful REPL for the Laravel framework.",
            "time": "2024-06-24T15:51:47+00:00"
        }
    ],
    "packages-dev": [],
    "aliases": [],
    "minimum-stability": "stable",
    "stability-flags": [],
    "prefer-stable": true,
    "prefer-lowest": false,
    "platform": {
        "php": "^8.2"
    },
    "platform-dev": [],
    "plugin-api-version": "2.6.0"
}
